
Microsoft Visual Studio Solution File, Format Version 12.00
# Visual Studio Version 17
VisualStudioVersion = 17.14.36414.22 d17.14
MinimumVisualStudioVersion = 10.0.40219.1
Project("{FAE04EC0-301F-11D3-BF4B-00C04F79EFBC}") = "GenericStackImplementation", "GenericStackImplementation\GenericStackImplementation.csproj", "{B5934337-B725-43ED-9AE2-56810DCEB18D}"
EndProject
Global
	GlobalSection(SolutionConfigurationPlatforms) = preSolution
		Debug|Any CPU = Debug|Any CPU
		Release|Any CPU = Release|Any CPU
	EndGlobalSection
	GlobalSection(ProjectConfigurationPlatforms) = postSolution
		{B5934337-B725-43ED-9AE2-56810DCEB18D}.Debug|Any CPU.ActiveCfg = Debug|Any CPU
		{B5934337-B725-43ED-9AE2-56810DCEB18D}.Debug|Any CPU.Build.0 = Debug|Any CPU
		{B5934337-B725-43ED-9AE2-56810DCEB18D}.Release|Any CPU.ActiveCfg = Release|Any CPU
		{B5934337-B725-43ED-9AE2-56810DCEB18D}.Release|Any CPU.Build.0 = Release|Any CPU
	EndGlobalSection
	GlobalSection(SolutionProperties) = preSolution
		HideSolutionNode = FALSE
	EndGlobalSection
	GlobalSection(ExtensibilityGlobals) = postSolution
		SolutionGuid = {FEB2F0D7-839B-4B56-8C32-59066A8CD923}
	EndGlobalSection
EndGlobal
